
Microsoft Visual Studio Solution File, Format Version 12.00
# Visual Studio Version 17
VisualStudioVersion = 17.3.32929.385
MinimumVisualStudioVersion = 10.0.40219.1
Project("{9A19103F-16F7-4668-BE54-9A1E7A4F7556}") = "CountryFlags.Core", "CountryFlags.Core\CountryFlags.Core.csproj", "{FFB10E15-0E2B-4F96-8B53-0B1A62ED2634}"
EndProject
Project("{9A19103F-16F7-4668-BE54-9A1E7A4F7556}") = "CountryFlags.Demo", "CountryFlags.Demo\CountryFlags.Demo.csproj", "{87CF4AA8-7FB6-4FFD-989E-04DA18F63881}"
EndProject
Project("{2150E333-8FDC-42A3-9474-1A3956D46DE8}") = "Solution Items", "Solution Items", "{714C17FF-A0D0-4995-8483-7205722A1878}"
	ProjectSection(SolutionItems) = preProject
		Directory.build.props = Directory.build.props
	EndProjectSection
EndProject
Project("{9A19103F-16F7-4668-BE54-9A1E7A4F7556}") = "CountryFlags.DefaultFlags", "CountryFlags.DefaultFlags\CountryFlags.DefaultFlags.csproj", "{CA9F8B6F-99DC-401F-8805-FCB21C82987A}"
EndProject
Project("{9A19103F-16F7-4668-BE54-9A1E7A4F7556}") = "CountryFlags.InUseFlags", "CountryFlags.InUseFlags\CountryFlags.InUseFlags.csproj", "{019AEBD6-CD92-4F08-8457-116D1CBB7CFE}"
EndProject
Project("{9A19103F-16F7-4668-BE54-9A1E7A4F7556}") = "CountryFlags.OutdatedFlags", "CountryFlags.OutdatedFlags\CountryFlags.OutdatedFlags.csproj", "{D94308B5-95A8-4B0D-9B98-CD06D10BAD27}"
EndProject
Project("{2150E333-8FDC-42A3-9474-1A3956D46DE8}") = "Demo", "Demo", "{84C4C50B-27FB-48F6-A0E4-2308C5F32DEB}"
EndProject
Project("{FAE04EC0-301F-11D3-BF4B-00C04F79EFBC}") = "CountryFlags.CountryCoatOfArms", "CountryFlags.CoatOfArms\CountryFlags.CountryCoatOfArms.csproj", "{7B087415-8FC2-46C0-8EA3-7175AD640064}"
EndProject
Global
	GlobalSection(SolutionConfigurationPlatforms) = preSolution
		Debug|Any CPU = Debug|Any CPU
		Release|Any CPU = Release|Any CPU
	EndGlobalSection
	GlobalSection(ProjectConfigurationPlatforms) = postSolution
		{FFB10E15-0E2B-4F96-8B53-0B1A62ED2634}.Debug|Any CPU.ActiveCfg = Debug|Any CPU
		{FFB10E15-0E2B-4F96-8B53-0B1A62ED2634}.Debug|Any CPU.Build.0 = Debug|Any CPU
		{FFB10E15-0E2B-4F96-8B53-0B1A62ED2634}.Release|Any CPU.ActiveCfg = Release|Any CPU
		{FFB10E15-0E2B-4F96-8B53-0B1A62ED2634}.Release|Any CPU.Build.0 = Release|Any CPU
		{87CF4AA8-7FB6-4FFD-989E-04DA18F63881}.Debug|Any CPU.ActiveCfg = Debug|Any CPU
		{87CF4AA8-7FB6-4FFD-989E-04DA18F63881}.Debug|Any CPU.Build.0 = Debug|Any CPU
		{87CF4AA8-7FB6-4FFD-989E-04DA18F63881}.Release|Any CPU.ActiveCfg = Release|Any CPU
		{87CF4AA8-7FB6-4FFD-989E-04DA18F63881}.Release|Any CPU.Build.0 = Release|Any CPU
		{CA9F8B6F-99DC-401F-8805-FCB21C82987A}.Debug|Any CPU.ActiveCfg = Debug|Any CPU
		{CA9F8B6F-99DC-401F-8805-FCB21C82987A}.Debug|Any CPU.Build.0 = Debug|Any CPU
		{CA9F8B6F-99DC-401F-8805-FCB21C82987A}.Release|Any CPU.ActiveCfg = Release|Any CPU
		{CA9F8B6F-99DC-401F-8805-FCB21C82987A}.Release|Any CPU.Build.0 = Release|Any CPU
		{019AEBD6-CD92-4F08-8457-116D1CBB7CFE}.Debug|Any CPU.ActiveCfg = Debug|Any CPU
		{019AEBD6-CD92-4F08-8457-116D1CBB7CFE}.Debug|Any CPU.Build.0 = Debug|Any CPU
		{019AEBD6-CD92-4F08-8457-116D1CBB7CFE}.Release|Any CPU.ActiveCfg = Release|Any CPU
		{019AEBD6-CD92-4F08-8457-116D1CBB7CFE}.Release|Any CPU.Build.0 = Release|Any CPU
		{D94308B5-95A8-4B0D-9B98-CD06D10BAD27}.Debug|Any CPU.ActiveCfg = Debug|Any CPU
		{D94308B5-95A8-4B0D-9B98-CD06D10BAD27}.Debug|Any CPU.Build.0 = Debug|Any CPU
		{D94308B5-95A8-4B0D-9B98-CD06D10BAD27}.Release|Any CPU.ActiveCfg = Release|Any CPU
		{D94308B5-95A8-4B0D-9B98-CD06D10BAD27}.Release|Any CPU.Build.0 = Release|Any CPU
		{7B087415-8FC2-46C0-8EA3-7175AD640064}.Debug|Any CPU.ActiveCfg = Debug|Any CPU
		{7B087415-8FC2-46C0-8EA3-7175AD640064}.Debug|Any CPU.Build.0 = Debug|Any CPU
		{7B087415-8FC2-46C0-8EA3-7175AD640064}.Release|Any CPU.ActiveCfg = Release|Any CPU
		{7B087415-8FC2-46C0-8EA3-7175AD640064}.Release|Any CPU.Build.0 = Release|Any CPU
	EndGlobalSection
	GlobalSection(SolutionProperties) = preSolution
		HideSolutionNode = FALSE
	EndGlobalSection
	GlobalSection(NestedProjects) = preSolution
		{87CF4AA8-7FB6-4FFD-989E-04DA18F63881} = {84C4C50B-27FB-48F6-A0E4-2308C5F32DEB}
	EndGlobalSection
	GlobalSection(ExtensibilityGlobals) = postSolution
		SolutionGuid = {757DE211-2FA1-405A-97D8-4DFAA52867A4}
	EndGlobalSection
EndGlobal
